
Microsoft Visual Studio Solution File, Format Version 12.00
# Visual Studio Version 17
VisualStudioVersion = 17.5.002.0
MinimumVisualStudioVersion = 10.0.40219.1
Project("{2150E333-8FDC-42A3-9474-1A3956D46DE8}") = "wex", "wex", "{840824CE-F0FD-40D5-A742-BD097256B4ED}"
EndProject
Project("{2150E333-8FDC-42A3-9474-1A3956D46DE8}") = "docker", "docker", "{74B1CBDC-8E6A-44DB-B3AD-F697B52682CC}"
EndProject
Project("{9A19103F-16F7-4668-BE54-9A1E7A4F7556}") = "DesafioFundamentos", "wex\docker\estacionamento\DesafioFundamentos.csproj", "{C3BA2404-D2C8-435C-BCF1-4246B4372299}"
EndProject
Global
	GlobalSection(SolutionConfigurationPlatforms) = preSolution
		Debug|Any CPU = Debug|Any CPU
		Release|Any CPU = Release|Any CPU
	EndGlobalSection
	GlobalSection(ProjectConfigurationPlatforms) = postSolution
		{C3BA2404-D2C8-435C-BCF1-4246B4372299}.Debug|Any CPU.ActiveCfg = Debug|Any CPU
		{C3BA2404-D2C8-435C-BCF1-4246B4372299}.Debug|Any CPU.Build.0 = Debug|Any CPU
		{C3BA2404-D2C8-435C-BCF1-4246B4372299}.Release|Any CPU.ActiveCfg = Release|Any CPU
		{C3BA2404-D2C8-435C-BCF1-4246B4372299}.Release|Any CPU.Build.0 = Release|Any CPU
	EndGlobalSection
	GlobalSection(SolutionProperties) = preSolution
		HideSolutionNode = FALSE
	EndGlobalSection
	GlobalSection(NestedProjects) = preSolution
		{74B1CBDC-8E6A-44DB-B3AD-F697B52682CC} = {840824CE-F0FD-40D5-A742-BD097256B4ED}
		{C3BA2404-D2C8-435C-BCF1-4246B4372299} = {74B1CBDC-8E6A-44DB-B3AD-F697B52682CC}
	EndGlobalSection
	GlobalSection(ExtensibilityGlobals) = postSolution
		SolutionGuid = {8DC461CF-C597-436C-88A3-214FD8CE0ADD}
	EndGlobalSection
EndGlobal
